lockfileVersion: '9.0'

settings:
  autoInstallPeers: true
  excludeLinksFromLockfile: false

importers:

  .:
    dependencies:
      find-up:
        specifier: ^8.0.0
        version: 8.0.0
      gh-got:
        specifier: ^12.0.0
        version: 12.0.0
      inquirer:
        specifier: ^13.4.1
        version: 13.4.1(@types/node@25.6.0)
      yaml:
        specifier: ^2.8.3
        version: 2.8.3
      yargs:
        specifier: ^18.0.0
        version: 18.0.0
    devDependencies:
      https-proxy-agent:
        specifier: ^9.0.0
        version: 9.0.0

packages:

  '@inquirer/ansi@2.0.5':
    resolution: {integrity: sha512-doc2sWgJpbFQ64UflSVd17ibMGDuxO1yKgOgLMwavzESnXjFWJqUeG8saYosqKpHp4kWiM5x1nXvEjbpx90gzw==}
    engines: {node: '>=23.5.0 || ^22.13.0 || ^21.7.0 || ^20.12.0'}

  '@inquirer/checkbox@5.1.3':
    resolution: {integrity: sha512-+G7I8CT+EHv/hasNfUl3P37DVoMoZfpA+2FXmM54dA8MxYle1YqucxbacxHalw1iAFSdKNEDTGNV7F+j1Ldqcg==}
    engines: {node: '>=23.5.0 || ^22.13.0 || ^21.7.0 || ^20.12.0'}
    peerDependencies:
      '@types/node': '>=18'
    peerDependenciesMeta:
      '@types/node':
        optional: true

  '@inquirer/confirm@6.0.11':
    resolution: {integrity: sha512-pTpHjg0iEIRMYV/7oCZUMf27/383E6Wyhfc/MY+AVQGEoUobffIYWOK9YLP2XFRGz/9i6WlTQh1CkFVIo2Y7XA==}
    engines: {node: '>=23.5.0 || ^22.13.0 || ^21.7.0 || ^20.12.0'}
    peerDependencies:
      '@types/node': '>=18'
    peerDependenciesMeta:
      '@types/node':
        optional: true

  '@inquirer/core@11.1.8':
    resolution: {integrity: sha512-/u+yJk2pOKNDOh1ZgdUH2RQaRx6OOH4I0uwL95qPvTFTIL38YBsuSC4r1yXBB3Q6JvNqFFc202gk0Ew79rrcjA==}
    engines: {node: '>=23.5.0 || ^22.13.0 || ^21.7.0 || ^20.12.0'}
    peerDependencies:
      '@types/node': '>=18'
    peerDependenciesMeta:
      '@types/node':
        optional: true

  '@inquirer/editor@5.1.0':
    resolution: {integrity: sha512-6wlkYl65Qfayy48gPCfU4D7li6KCAGN79mLXa/tYHZH99OfZ820yY+HA+DgE88r8YwwgeuY6PQgNqMeK6LuMmw==}
    engines: {node: '>=23.5.0 || ^22.13.0 || ^21.7.0 || ^20.12.0'}
    peerDependencies:
      '@types/node': '>=18'
    peerDependenciesMeta:
      '@types/node':
        optional: true

  '@inquirer/expand@5.0.12':
    resolution: {integrity: sha512-vOfrB33b7YIZfDauXS8vNNz2Z86FozTZLIt7e+7/dCaPJ1RXZsHCuI9TlcERzEUq57vkM+UdnBgxP0rFd23JYQ==}
    engines: {node: '>=23.5.0 || ^22.13.0 || ^21.7.0 || ^20.12.0'}
    peerDependencies:
      '@types/node': '>=18'
    peerDependenciesMeta:
      '@types/node':
        optional: true

  '@inquirer/external-editor@3.0.0':
    resolution: {integrity: sha512-lDSwMgg+M5rq6JKBYaJwSX6T9e/HK2qqZ1oxmOwn4AQoJE5D+7TumsxLGC02PWS//rkIVqbZv3XA3ejsc9FYvg==}
    engines: {node: '>=23.5.0 || ^22.13.0 || ^21.7.0 || ^20.12.0'}
    peerDependencies:
      '@types/node': '>=18'
    peerDependenciesMeta:
      '@types/node':
        optional: true

  '@inquirer/figures@2.0.5':
    resolution: {integrity: sha512-NsSs4kzfm12lNetHwAn3GEuH317IzpwrMCbOuMIVytpjnJ90YYHNwdRgYGuKmVxwuIqSgqk3M5qqQt1cDk0tGQ==}
    engines: {node: '>=23.5.0 || ^22.13.0 || ^21.7.0 || ^20.12.0'}

  '@inquirer/input@5.0.11':
    resolution: {integrity: sha512-twUWidn4ocPO8qi6fRM7tNWt7W1FOnOZqQ+/+PsfLUacMR5rFLDPK9ql0nBPwxi0oELbo8T5NhRs8B2+qQEqFQ==}
    engines: {node: '>=23.5.0 || ^22.13.0 || ^21.7.0 || ^20.12.0'}
    peerDependencies:
      '@types/node': '>=18'
    peerDependenciesMeta:
      '@types/node':
        optional: true

  '@inquirer/number@4.0.11':
    resolution: {integrity: sha512-Vscmim9TCksQsfjPtka/JwPUcbLhqWYrgfPf1cHrCm24X/F2joFwnageD50yMKsaX14oNGOyKf/RNXAFkNjWpA==}
    engines: {node: '>=23.5.0 || ^22.13.0 || ^21.7.0 || ^20.12.0'}
    peerDependencies:
      '@types/node': '>=18'
    peerDependenciesMeta:
      '@types/node':
        optional: true

  '@inquirer/password@5.0.11':
    resolution: {integrity: sha512-9KZFeRaNHIcejtPb0wN4ddFc7EvobVoAFa049eS3LrDZFxI8O7xUXiITEOinBzkZFAIwY5V4yzQae/QfO9cbbg==}
    engines: {node: '>=23.5.0 || ^22.13.0 || ^21.7.0 || ^20.12.0'}
    peerDependencies:
      '@types/node': '>=18'
    peerDependenciesMeta:
      '@types/node':
        optional: true

  '@inquirer/prompts@8.4.1':
    resolution: {integrity: sha512-AH5xPQ997K7e0F0vulPlteIHke2awMkFi8F0dBemrDfmvtPmHJo82mdHbONC4F/t8d1NHwrbI5cGVI+RbLWdoQ==}
    engines: {node: '>=23.5.0 || ^22.13.0 || ^21.7.0 || ^20.12.0'}
    peerDependencies:
      '@types/node': '>=18'
    peerDependenciesMeta:
      '@types/node':
        optional: true

  '@inquirer/rawlist@5.2.7':
    resolution: {integrity: sha512-AqRMiD9+uE1lskDPrdqHwrV/EUmxKEBLX44SR7uxK3vD2413AmVfE5EQaPeNzYf5Pq5SitHJDYUFVF0poIr09w==}
    engines: {node: '>=23.5.0 || ^22.13.0 || ^21.7.0 || ^20.12.0'}
    peerDependencies:
      '@types/node': '>=18'
    peerDependenciesMeta:
      '@types/node':
        optional: true

  '@inquirer/search@4.1.7':
    resolution: {integrity: sha512-1y7+0N65AWk5RdlXH/Kn13txf3IjIQ7OEfhCEkDTU+h5wKMLq8DUF3P6z+/kLSxDGDtQT1dRBWEUC3o/VvImsQ==}
    engines: {node: '>=23.5.0 || ^22.13.0 || ^21.7.0 || ^20.12.0'}
    peerDependencies:
      '@types/node': '>=18'
    peerDependenciesMeta:
      '@types/node':
        optional: true

  '@inquirer/select@5.1.3':
    resolution: {integrity: sha512-zYyqWgGQi3NhBcNq4Isc5rB3oEdQEh1Q/EcAnOW0FK4MpnXWkvSBYgA4cYrTM4A9UB573omouZbnL9JJ74Mq3A==}
    engines: {node: '>=23.5.0 || ^22.13.0 || ^21.7.0 || ^20.12.0'}
    peerDependencies:
      '@types/node': '>=18'
    peerDependenciesMeta:
      '@types/node':
        optional: true

  '@inquirer/type@4.0.5':
    resolution: {integrity: sha512-aetVUNeKNc/VriqXlw1NRSW0zhMBB0W4bNbWRJgzRl/3d0QNDQFfk0GO5SDdtjMZVg6o8ZKEiadd7SCCzoOn5Q==}
    engines: {node: '>=23.5.0 || ^22.13.0 || ^21.7.0 || ^20.12.0'}
    peerDependencies:
      '@types/node': '>=18'
    peerDependenciesMeta:
      '@types/node':
        optional: true

  '@keyv/serialize@1.1.1':
    resolution: {integrity: sha512-dXn3FZhPv0US+7dtJsIi2R+c7qWYiReoEh5zUntWCf4oSpMNib8FDhSoed6m3QyZdx5hK7iLFkYk3rNxwt8vTA==}

  '@sec-ant/readable-stream@0.4.1':
    resolution: {integrity: sha512-831qok9r2t8AlxLko40y2ebgSDhenenCatLVeW/uBtnHPyhHOvG0C7TvfgecV+wHzIm5KUICgzmVpWS+IMEAeg==}

  '@sindresorhus/is@7.2.0':
    resolution: {integrity: sha512-P1Cz1dWaFfR4IR+U13mqqiGsLFf1KbayybWwdd2vfctdV6hDpUkgCY0nKOLLTMSoRd/jJNjtbqzf13K8DCCXQw==}
    engines: {node: '>=18'}

  '@types/http-cache-semantics@4.2.0':
    resolution: {integrity: sha512-L3LgimLHXtGkWikKnsPg0/VFx9OGZaC+eN1u4r+OB1XRqH3meBIAVC2zr1WdMH+RHmnRkqliQAOHNJ/E0j/e0Q==}

  '@types/node@25.6.0':
    resolution: {integrity: sha512-+qIYRKdNYJwY3vRCZMdJbPLJAtGjQBudzZzdzwQYkEPQd+PJGixUL5QfvCLDaULoLv+RhT3LDkwEfKaAkgSmNQ==}

  agent-base@9.0.0:
    resolution: {integrity: sha512-TQf59BsZnytt8GdJKLPfUZ54g/iaUL2OWDSFCCvMOhsHduDQxO8xC4PNeyIkVcA5KwL2phPSv0douC0fgWzmnA==}
    engines: {node: '>= 20'}

  ansi-regex@6.2.2:
    resolution: {integrity: sha512-Bq3SmSpyFHaWjPk8If9yc6svM8c56dB5BAtW4Qbw5jHTwwXXcTLoRMkpDJp6VL0XzlWaCHTXrkFURMYmD0sLqg==}
    engines: {node: '>=12'}

  ansi-styles@6.2.3:
    resolution: {integrity: sha512-4Dj6M28JB+oAH8kFkTLUo+a2jwOFkuqb3yucU0CANcRRUbxS0cP0nZYCGjcc3BNXwRIsUVmDGgzawme7zvJHvg==}
    engines: {node: '>=12'}

  byte-counter@0.1.0:
    resolution: {integrity: sha512-jheRLVMeUKrDBjVw2O5+k4EvR4t9wtxHL+bo/LxfkxsVeuGMy3a5SEGgXdAFA4FSzTrU8rQXQIrsZ3oBq5a0pQ==}
    engines: {node: '>=20'}

  cacheable-lookup@7.0.0:
    resolution: {integrity: sha512-+qJyx4xiKra8mZrcwhjMRMUhD5NR1R8esPkzIYxX96JiecFoxAXFuz/GpR3+ev4PE1WamHip78wV0vcmPQtp8w==}
    engines: {node: '>=14.16'}

  cacheable-request@13.0.18:
    resolution: {integrity: sha512-rFWadDRKJs3s2eYdXlGggnBZKG7MTblkFBB0YllFds+UYnfogDp2wcR6JN97FhRkHTvq59n2vhNoHNZn29dh/Q==}
    engines: {node: '>=18'}

  chardet@2.1.1:
    resolution: {integrity: sha512-PsezH1rqdV9VvyNhxxOW32/d75r01NY7TQCmOqomRo15ZSOKbpTFVsfjghxo6JloQUCGnH4k1LGu0R4yCLlWQQ==}

  chunk-data@0.1.0:
    resolution: {integrity: sha512-zFyPtyC0SZ6Zu79b9sOYtXZcgrsXe0RpePrzRyj52hYVFG1+Rk6rBqjjOEk+GNQwc3PIX+86teQMok970pod1g==}
    engines: {node: '>=20'}

  cli-width@4.1.0:
    resolution: {integrity: sha512-ouuZd4/dm2Sw5Gmqy6bGyNNNe1qt9RpmxveLSO7KcgsTnU7RXfsw+/bukWGo1abgBiMAic068rclZsO4IWmmxQ==}
    engines: {node: '>= 12'}

  cliui@9.0.1:
    resolution: {integrity: sha512-k7ndgKhwoQveBL+/1tqGJYNz097I7WOvwbmmU2AR5+magtbjPWQTS1C5vzGkBC8Ym8UWRzfKUzUUqFLypY4Q+w==}
    engines: {node: '>=20'}

  debug@4.4.3:
    resolution: {integrity: sha512-RGwwWnwQvkVfavKVt22FGLw+xYSdzARwm0ru6DhTVA3umU5hZc28V3kO4stgYryrTlLpuvgI9GiijltAjNbcqA==}
    engines: {node: '>=6.0'}
    peerDependencies:
      supports-color: '*'
    peerDependenciesMeta:
      supports-color:
        optional: true

  decompress-response@10.0.0:
    resolution: {integrity: sha512-oj7KWToJuuxlPr7VV0vabvxEIiqNMo+q0NueIiL3XhtwC6FVOX7Hr1c0C4eD0bmf7Zr+S/dSf2xvkH3Ad6sU3Q==}
    engines: {node: '>=20'}

  emoji-regex@10.6.0:
    resolution: {integrity: sha512-toUI84YS5YmxW219erniWD0CIVOo46xGKColeNQRgOzDorgBi1v4D71/OFzgD9GO2UGKIv1C3Sp8DAn0+j5w7A==}

  escalade@3.2.0:
    resolution: {integrity: sha512-WUj2qlxaQtO4g6Pq5c29GTcWGDyd8itL8zTlipgECz3JesAiiOKotd8JU6otB3PACgG6xkJUyVhboMS+bje/jA==}
    engines: {node: '>=6'}

  fast-string-truncated-width@3.0.3:
    resolution: {integrity: sha512-0jjjIEL6+0jag3l2XWWizO64/aZVtpiGE3t0Zgqxv0DPuxiMjvB3M24fCyhZUO4KomJQPj3LTSUnDP3GpdwC0g==}

  fast-string-width@3.0.2:
    resolution: {integrity: sha512-gX8LrtNEI5hq8DVUfRQMbr5lpaS4nMIWV+7XEbXk2b8kiQIizgnlr12B4dA3ZEx3308ze0O4Q1R+cHts8kyUJg==}

  fast-wrap-ansi@0.2.0:
    resolution: {integrity: sha512-rLV8JHxTyhVmFYhBJuMujcrHqOT2cnO5Zxj37qROj23CP39GXubJRBUFF0z8KFK77Uc0SukZUf7JZhsVEQ6n8w==}

  find-up@8.0.0:
    resolution: {integrity: sha512-JGG8pvDi2C+JxidYdIwQDyS/CgcrIdh18cvgxcBge3wSHRQOrooMD3GlFBcmMJAN9M42SAZjDp5zv1dglJjwww==}
    engines: {node: '>=20'}

  get-caller-file@2.0.5:
    resolution: {integrity: sha512-DyFP3BM/3YHTQOCUL/w0OZHR0lpKeGrxotcHWcqNEdnltqFwXVfhEBQ94eIo34AfQpo0rGki4cyIiftY06h2Fg==}
    engines: {node: 6.* || 8.* || >= 10.*}

  get-east-asian-width@1.5.0:
    resolution: {integrity: sha512-CQ+bEO+Tva/qlmw24dCejulK5pMzVnUOFOijVogd3KQs07HnRIgp8TGipvCCRT06xeYEbpbgwaCxglFyiuIcmA==}
    engines: {node: '>=18'}

  get-stream@9.0.1:
    resolution: {integrity: sha512-kVCxPF3vQM/N0B1PmoqVUqgHP+EeVjmZSQn+1oCRPxd2P21P2F19lIgbR3HBosbB1PUhOAoctJnfEn2GbN2eZA==}
    engines: {node: '>=18'}

  gh-got@12.0.0:
    resolution: {integrity: sha512-FmLfM8PVLEuuxmumiH92Bt9ZusQ/FaFhPayqAMN4CU7N5nV6y2S8OYa3pGcd2VFKp/isFkZukQVOtf2tKXvmGA==}
    engines: {node: '>=22'}

  got@15.0.1:
    resolution: {integrity: sha512-InYCBboAj9YmFiMcxbIRQ/WPoLsKSc9t9EGaUjGENtxunnx8USWtRY/SO/V3VsHLfDvUxAO2Qmx+6fQyG1jjaw==}
    engines: {node: '>=22'}

  http-cache-semantics@4.2.0:
    resolution: {integrity: sha512-dTxcvPXqPvXBQpq5dUr6mEMJX4oIEFv6bwom3FDwKRDsuIjjJGANqhBuoAn9c1RQJIdAKav33ED65E2ys+87QQ==}

  http2-wrapper@2.2.1:
    resolution: {integrity: sha512-V5nVw1PAOgfI3Lmeaj2Exmeg7fenjhRUgz1lPSezy1CuhPYbgQtbQj4jZfEAEMlaL+vupsvhjqCyjzob0yxsmQ==}
    engines: {node: '>=10.19.0'}

  https-proxy-agent@9.0.0:
    resolution: {integrity: sha512-/MVmHp58WkOypgFhCLk4fzpPcFQvTJ/e6LBI7irpIO2HfxUbpmYoHF+KzipzJpxxzJu7aJNWQ0xojJ/dzV2G5g==}
    engines: {node: '>= 20'}

  iconv-lite@0.7.2:
    resolution: {integrity: sha512-im9DjEDQ55s9fL4EYzOAv0yMqmMBSZp6G0VvFyTMPKWxiSBHUj9NW/qqLmXUwXrrM7AvqSlTCfvqRb0cM8yYqw==}
    engines: {node: '>=0.10.0'}

  inquirer@13.4.1:
    resolution: {integrity: sha512-IUopujY77lFiSaLz0fx6FHEOEANz0nAsqv+vQJddnVshi6wdos984qwjb42mZbH3zCJS4f9ioIGDqSPqMMMXjw==}
    engines: {node: '>=23.5.0 || ^22.13.0 || ^21.7.0 || ^20.12.0'}
    peerDependencies:
      '@types/node': '>=18'
    peerDependenciesMeta:
      '@types/node':
        optional: true

  is-stream@4.0.1:
    resolution: {integrity: sha512-Dnz92NInDqYckGEUJv689RbRiTSEHCQ7wOVeALbkOz999YpqT46yMRIGtSNl2iCL1waAZSx40+h59NV/EwzV/A==}
    engines: {node: '>=18'}

  keyv@5.6.0:
    resolution: {integrity: sha512-CYDD3SOtsHtyXeEORYRx2qBtpDJFjRTGXUtmNEMGyzYOKj1TE3tycdlho7kA1Ufx9OYWZzg52QFBGALTirzDSw==}

  locate-path@8.0.0:
    resolution: {integrity: sha512-XT9ewWAC43tiAV7xDAPflMkG0qOPn2QjHqlgX8FOqmWa/rxnyYDulF9T0F7tRy1u+TVTmK/M//6VIOye+2zDXg==}
    engines: {node: '>=20'}

  lowercase-keys@3.0.0:
    resolution: {integrity: sha512-ozCC6gdQ+glXOQsveKD0YsDy8DSQFjDTz4zyzEHNV5+JP5D62LmfDZ6o1cycFx9ouG940M5dE8C8CTewdj2YWQ==}
    engines: {node: ^12.20.0 || ^14.13.1 || >=16.0.0}

  lowercase-keys@4.0.1:
    resolution: {integrity: sha512-wI9Nui/L8VfADa/cr/7NQruaASk1k23/Uh1khQ02BCVYiiy8F4AhOGnQzJy3Fl/c44GnYSbZHv8g7EcG3kJ1Qg==}
    engines: {node: '>=20'}

  mimic-response@4.0.0:
    resolution: {integrity: sha512-e5ISH9xMYU0DzrT+jl8q2ze9D6eWBto+I8CNpe+VI+K2J/F/k3PdkdTdz4wvGVH4NTpo+NRYTVIuMQEMMcsLqg==}
    engines: {node: ^12.20.0 || ^14.13.1 || >=16.0.0}

  ms@2.1.3:
    resolution: {integrity: sha512-6FlzubTLZG3J2a/NVCAleEhjzq5oxgHyaCU9yYXvcLsvoVaHJq/s5xXI6/XXP6tz7R9xAOtHnSO/tXtF3WRTlA==}

  mute-stream@3.0.0:
    resolution: {integrity: sha512-dkEJPVvun4FryqBmZ5KhDo0K9iDXAwn08tMLDinNdRBNPcYEDiWYysLcc6k3mjTMlbP9KyylvRpd4wFtwrT9rw==}
    engines: {node: ^20.17.0 || >=22.9.0}

  normalize-url@8.1.1:
    resolution: {integrity: sha512-JYc0DPlpGWB40kH5g07gGTrYuMqV653k3uBKY6uITPWds3M0ov3GaWGp9lbE3Bzngx8+XkfzgvASb9vk9JDFXQ==}
    engines: {node: '>=14.16'}

  p-limit@4.0.0:
    resolution: {integrity: sha512-5b0R4txpzjPWVw/cXXUResoD4hb6U/x9BH08L7nw+GN1sezDzPdxeRvpc9c433fZhBan/wusjbCsqwqm4EIBIQ==}
    engines: {node: ^12.20.0 || ^14.13.1 || >=16.0.0}

  p-locate@6.0.0:
    resolution: {integrity: sha512-wPrq66Llhl7/4AGC6I+cqxT07LhXvWL08LNXz1fENOw0Ap4sRZZ/gZpTTJ5jpurzzzfS2W/Ge9BY3LgLjCShcw==}
    engines: {node: ^12.20.0 || ^14.13.1 || >=16.0.0}

  quick-lru@5.1.1:
    resolution: {integrity: sha512-WuyALRjWPDGtt/wzJiadO5AXY+8hZ80hVpe6MyivgraREW751X3SbhRvG3eLKOYN+8VEvqLcf3wdnt44Z4S4SA==}
    engines: {node: '>=10'}

  resolve-alpn@1.2.1:
    resolution: {integrity: sha512-0a1F4l73/ZFZOakJnQ3FvkJ2+gSTQWz/r2KE5OdDY0TxPm5h4GkqkWWfM47T7HsbnOtcJVEF4epCVy6u7Q3K+g==}

  responselike@4.0.2:
    resolution: {integrity: sha512-cGk8IbWEAnaCpdAt1BHzJ3Ahz5ewDJa0KseTsE3qIRMJ3C698W8psM7byCeWVpd/Ha7FUYzuRVzXoKoM6nRUbA==}
    engines: {node: '>=20'}

  run-async@4.0.6:
    resolution: {integrity: sha512-IoDlSLTs3Yq593mb3ZoKWKXMNu3UpObxhgA/Xuid5p4bbfi2jdY1Hj0m1K+0/tEuQTxIGMhQDqGjKb7RuxGpAQ==}
    engines: {node: '>=0.12.0'}

  rxjs@7.8.2:
    resolution: {integrity: sha512-dhKf903U/PQZY6boNNtAGdWbG85WAbjT/1xYoZIC7FAY0yWapOBQVsVrDl58W86//e1VpMNBtRV4MaXfdMySFA==}

  safer-buffer@2.1.2:
    resolution: {integrity: sha512-YZo3K82SD7Riyi0E1EQPojLz7kpepnSQI9IyPbHHg1XXXevb5dJI7tpyN2ADxGcQbHG7vcyRHk0cbwqcQriUtg==}

  signal-exit@4.1.0:
    resolution: {integrity: sha512-bzyZ1e88w9O1iNJbKnOlvYTrWPDl46O1bG0D3XInv+9tkPrxrN8jUUTiFlDkkmKWgn1M6CfIA13SuGqOa9Korw==}
    engines: {node: '>=14'}

  string-width@7.2.0:
    resolution: {integrity: sha512-tsaTIkKW9b4N+AEj+SVA+WhJzV7/zMhcSu78mLKWSk7cXMOSHsBKFWUs0fWwq8QyK3MgJBQRX6Gbi4kYbdvGkQ==}
    engines: {node: '>=18'}

  strip-ansi@7.2.0:
    resolution: {integrity: sha512-yDPMNjp4WyfYBkHnjIRLfca1i6KMyGCtsVgoKe/z1+6vukgaENdgGBZt+ZmKPc4gavvEZ5OgHfHdrazhgNyG7w==}
    engines: {node: '>=12'}

  tagged-tag@1.0.0:
    resolution: {integrity: sha512-yEFYrVhod+hdNyx7g5Bnkkb0G6si8HJurOoOEgC8B/O0uXLHlaey/65KRv6cuWBNhBgHKAROVpc7QyYqE5gFng==}
    engines: {node: '>=20'}

  tslib@2.8.1:
    resolution: {integrity: sha512-oJFu94HQb+KVduSUQL7wnpmqnfmLsOA/nAh6b6EH0wCEoK0/mPeXU6c3wKDV83MkOuHPRHtSXKKU99IBazS/2w==}

  type-fest@5.5.0:
    resolution: {integrity: sha512-PlBfpQwiUvGViBNX84Yxwjsdhd1TUlXr6zjX7eoirtCPIr08NAmxwa+fcYBTeRQxHo9YC9wwF3m9i700sHma8g==}
    engines: {node: '>=20'}

  uint8array-extras@1.5.0:
    resolution: {integrity: sha512-rvKSBiC5zqCCiDZ9kAOszZcDvdAHwwIKJG33Ykj43OKcWsnmcBRL09YTU4nOeHZ8Y2a7l1MgTd08SBe9A8Qj6A==}
    engines: {node: '>=18'}

  undici-types@7.19.2:
    resolution: {integrity: sha512-qYVnV5OEm2AW8cJMCpdV20CDyaN3g0AjDlOGf1OW4iaDEx8MwdtChUp4zu4H0VP3nDRF/8RKWH+IPp9uW0YGZg==}

  unicorn-magic@0.3.0:
    resolution: {integrity: sha512-+QBBXBCvifc56fsbuxZQ6Sic3wqqc3WWaqxs58gvJrcOuN83HGTCwz3oS5phzU9LthRNE9VrJCFCLUgHeeFnfA==}
    engines: {node: '>=18'}

  wrap-ansi@9.0.2:
    resolution: {integrity: sha512-42AtmgqjV+X1VpdOfyTGOYRi0/zsoLqtXQckTmqTeybT+BDIbM/Guxo7x3pE2vtpr1ok6xRqM9OpBe+Jyoqyww==}
    engines: {node: '>=18'}

  y18n@5.0.8:
    resolution: {integrity: sha512-0pfFzegeDWJHJIAmTLRP2DwHjdF5s7jo9tuztdQxAhINCdvS+3nGINqPd00AphqJR/0LhANUS6/+7SCb98YOfA==}
    engines: {node: '>=10'}

  yaml@2.8.3:
    resolution: {integrity: sha512-AvbaCLOO2Otw/lW5bmh9d/WEdcDFdQp2Z2ZUH3pX9U2ihyUY0nvLv7J6TrWowklRGPYbB/IuIMfYgxaCPg5Bpg==}
    engines: {node: '>= 14.6'}
    hasBin: true

  yargs-parser@22.0.0:
    resolution: {integrity: sha512-rwu/ClNdSMpkSrUb+d6BRsSkLUq1fmfsY6TOpYzTwvwkg1/NRG85KBy3kq++A8LKQwX6lsu+aWad+2khvuXrqw==}
    engines: {node: ^20.19.0 || ^22.12.0 || >=23}

  yargs@18.0.0:
    resolution: {integrity: sha512-4UEqdc2RYGHZc7Doyqkrqiln3p9X2DZVxaGbwhn2pi7MrRagKaOcIKe8L3OxYcbhXLgLFUS3zAYuQjKBQgmuNg==}
    engines: {node: ^20.19.0 || ^22.12.0 || >=23}

  yocto-queue@1.2.2:
    resolution: {integrity: sha512-4LCcse/U2MHZ63HAJVE+v71o7yOdIe4cZ70Wpf8D/IyjDKYQLV5GD46B+hSTjJsvV5PztjvHoU580EftxjDZFQ==}
    engines: {node: '>=12.20'}

snapshots:

  '@inquirer/ansi@2.0.5': {}

  '@inquirer/checkbox@5.1.3(@types/node@25.6.0)':
    dependencies:
      '@inquirer/ansi': 2.0.5
      '@inquirer/core': 11.1.8(@types/node@25.6.0)
      '@inquirer/figures': 2.0.5
      '@inquirer/type': 4.0.5(@types/node@25.6.0)
    optionalDependencies:
      '@types/node': 25.6.0

  '@inquirer/confirm@6.0.11(@types/node@25.6.0)':
    dependencies:
      '@inquirer/core': 11.1.8(@types/node@25.6.0)
      '@inquirer/type': 4.0.5(@types/node@25.6.0)
    optionalDependencies:
      '@types/node': 25.6.0

  '@inquirer/core@11.1.8(@types/node@25.6.0)':
    dependencies:
      '@inquirer/ansi': 2.0.5
      '@inquirer/figures': 2.0.5
      '@inquirer/type': 4.0.5(@types/node@25.6.0)
      cli-width: 4.1.0
      fast-wrap-ansi: 0.2.0
      mute-stream: 3.0.0
      signal-exit: 4.1.0
    optionalDependencies:
      '@types/node': 25.6.0

  '@inquirer/editor@5.1.0(@types/node@25.6.0)':
    dependencies:
      '@inquirer/core': 11.1.8(@types/node@25.6.0)
      '@inquirer/external-editor': 3.0.0(@types/node@25.6.0)
      '@inquirer/type': 4.0.5(@types/node@25.6.0)
    optionalDependencies:
      '@types/node': 25.6.0

  '@inquirer/expand@5.0.12(@types/node@25.6.0)':
    dependencies:
      '@inquirer/core': 11.1.8(@types/node@25.6.0)
      '@inquirer/type': 4.0.5(@types/node@25.6.0)
    optionalDependencies:
      '@types/node': 25.6.0

  '@inquirer/external-editor@3.0.0(@types/node@25.6.0)':
    dependencies:
      chardet: 2.1.1
      iconv-lite: 0.7.2
    optionalDependencies:
      '@types/node': 25.6.0

  '@inquirer/figures@2.0.5': {}

  '@inquirer/input@5.0.11(@types/node@25.6.0)':
    dependencies:
      '@inquirer/core': 11.1.8(@types/node@25.6.0)
      '@inquirer/type': 4.0.5(@types/node@25.6.0)
    optionalDependencies:
      '@types/node': 25.6.0

  '@inquirer/number@4.0.11(@types/node@25.6.0)':
    dependencies:
      '@inquirer/core': 11.1.8(@types/node@25.6.0)
      '@inquirer/type': 4.0.5(@types/node@25.6.0)
    optionalDependencies:
      '@types/node': 25.6.0

  '@inquirer/password@5.0.11(@types/node@25.6.0)':
    dependencies:
      '@inquirer/ansi': 2.0.5
      '@inquirer/core': 11.1.8(@types/node@25.6.0)
      '@inquirer/type': 4.0.5(@types/node@25.6.0)
    optionalDependencies:
      '@types/node': 25.6.0

  '@inquirer/prompts@8.4.1(@types/node@25.6.0)':
    dependencies:
      '@inquirer/checkbox': 5.1.3(@types/node@25.6.0)
      '@inquirer/confirm': 6.0.11(@types/node@25.6.0)
      '@inquirer/editor': 5.1.0(@types/node@25.6.0)
      '@inquirer/expand': 5.0.12(@types/node@25.6.0)
      '@inquirer/input': 5.0.11(@types/node@25.6.0)
      '@inquirer/number': 4.0.11(@types/node@25.6.0)
      '@inquirer/password': 5.0.11(@types/node@25.6.0)
      '@inquirer/rawlist': 5.2.7(@types/node@25.6.0)
      '@inquirer/search': 4.1.7(@types/node@25.6.0)
      '@inquirer/select': 5.1.3(@types/node@25.6.0)
    optionalDependencies:
      '@types/node': 25.6.0

  '@inquirer/rawlist@5.2.7(@types/node@25.6.0)':
    dependencies:
      '@inquirer/core': 11.1.8(@types/node@25.6.0)
      '@inquirer/type': 4.0.5(@types/node@25.6.0)
    optionalDependencies:
      '@types/node': 25.6.0

  '@inquirer/search@4.1.7(@types/node@25.6.0)':
    dependencies:
      '@inquirer/core': 11.1.8(@types/node@25.6.0)
      '@inquirer/figures': 2.0.5
      '@inquirer/type': 4.0.5(@types/node@25.6.0)
    optionalDependencies:
      '@types/node': 25.6.0

  '@inquirer/select@5.1.3(@types/node@25.6.0)':
    dependencies:
      '@inquirer/ansi': 2.0.5
      '@inquirer/core': 11.1.8(@types/node@25.6.0)
      '@inquirer/figures': 2.0.5
      '@inquirer/type': 4.0.5(@types/node@25.6.0)
    optionalDependencies:
      '@types/node': 25.6.0

  '@inquirer/type@4.0.5(@types/node@25.6.0)':
    optionalDependencies:
      '@types/node': 25.6.0

  '@keyv/serialize@1.1.1': {}

  '@sec-ant/readable-stream@0.4.1': {}

  '@sindresorhus/is@7.2.0': {}

  '@types/http-cache-semantics@4.2.0': {}

  '@types/node@25.6.0':
    dependencies:
      undici-types: 7.19.2
    optional: true

  agent-base@9.0.0: {}

  ansi-regex@6.2.2: {}

  ansi-styles@6.2.3: {}

  byte-counter@0.1.0: {}

  cacheable-lookup@7.0.0: {}

  cacheable-request@13.0.18:
    dependencies:
      '@types/http-cache-semantics': 4.2.0
      get-stream: 9.0.1
      http-cache-semantics: 4.2.0
      keyv: 5.6.0
      mimic-response: 4.0.0
      normalize-url: 8.1.1
      responselike: 4.0.2

  chardet@2.1.1: {}

  chunk-data@0.1.0: {}

  cli-width@4.1.0: {}

  cliui@9.0.1:
    dependencies:
      string-width: 7.2.0
      strip-ansi: 7.2.0
      wrap-ansi: 9.0.2

  debug@4.4.3:
    dependencies:
      ms: 2.1.3

  decompress-response@10.0.0:
    dependencies:
      mimic-response: 4.0.0

  emoji-regex@10.6.0: {}

  escalade@3.2.0: {}

  fast-string-truncated-width@3.0.3: {}

  fast-string-width@3.0.2:
    dependencies:
      fast-string-truncated-width: 3.0.3

  fast-wrap-ansi@0.2.0:
    dependencies:
      fast-string-width: 3.0.2

  find-up@8.0.0:
    dependencies:
      locate-path: 8.0.0
      unicorn-magic: 0.3.0

  get-caller-file@2.0.5: {}

  get-east-asian-width@1.5.0: {}

  get-stream@9.0.1:
    dependencies:
      '@sec-ant/readable-stream': 0.4.1
      is-stream: 4.0.1

  gh-got@12.0.0:
    dependencies:
      got: 15.0.1

  got@15.0.1:
    dependencies:
      '@sindresorhus/is': 7.2.0
      byte-counter: 0.1.0
      cacheable-lookup: 7.0.0
      cacheable-request: 13.0.18
      chunk-data: 0.1.0
      decompress-response: 10.0.0
      http2-wrapper: 2.2.1
      keyv: 5.6.0
      lowercase-keys: 4.0.1
      responselike: 4.0.2
      type-fest: 5.5.0
      uint8array-extras: 1.5.0

  http-cache-semantics@4.2.0: {}

  http2-wrapper@2.2.1:
    dependencies:
      quick-lru: 5.1.1
      resolve-alpn: 1.2.1

  https-proxy-agent@9.0.0:
    dependencies:
      agent-base: 9.0.0
      debug: 4.4.3
    transitivePeerDependencies:
      - supports-color

  iconv-lite@0.7.2:
    dependencies:
      safer-buffer: 2.1.2

  inquirer@13.4.1(@types/node@25.6.0):
    dependencies:
      '@inquirer/ansi': 2.0.5
      '@inquirer/core': 11.1.8(@types/node@25.6.0)
      '@inquirer/prompts': 8.4.1(@types/node@25.6.0)
      '@inquirer/type': 4.0.5(@types/node@25.6.0)
      mute-stream: 3.0.0
      run-async: 4.0.6
      rxjs: 7.8.2
    optionalDependencies:
      '@types/node': 25.6.0

  is-stream@4.0.1: {}

  keyv@5.6.0:
    dependencies:
      '@keyv/serialize': 1.1.1

  locate-path@8.0.0:
    dependencies:
      p-locate: 6.0.0

  lowercase-keys@3.0.0: {}

  lowercase-keys@4.0.1: {}

  mimic-response@4.0.0: {}

  ms@2.1.3: {}

  mute-stream@3.0.0: {}

  normalize-url@8.1.1: {}

  p-limit@4.0.0:
    dependencies:
      yocto-queue: 1.2.2

  p-locate@6.0.0:
    dependencies:
      p-limit: 4.0.0

  quick-lru@5.1.1: {}

  resolve-alpn@1.2.1: {}

  responselike@4.0.2:
    dependencies:
      lowercase-keys: 3.0.0

  run-async@4.0.6: {}

  rxjs@7.8.2:
    dependencies:
      tslib: 2.8.1

  safer-buffer@2.1.2: {}

  signal-exit@4.1.0: {}

  string-width@7.2.0:
    dependencies:
      emoji-regex: 10.6.0
      get-east-asian-width: 1.5.0
      strip-ansi: 7.2.0

  strip-ansi@7.2.0:
    dependencies:
      ansi-regex: 6.2.2

  tagged-tag@1.0.0: {}

  tslib@2.8.1: {}

  type-fest@5.5.0:
    dependencies:
      tagged-tag: 1.0.0

  uint8array-extras@1.5.0: {}

  undici-types@7.19.2:
    optional: true

  unicorn-magic@0.3.0: {}

  wrap-ansi@9.0.2:
    dependencies:
      ansi-styles: 6.2.3
      string-width: 7.2.0
      strip-ansi: 7.2.0

  y18n@5.0.8: {}

  yaml@2.8.3: {}

  yargs-parser@22.0.0: {}

  yargs@18.0.0:
    dependencies:
      cliui: 9.0.1
      escalade: 3.2.0
      get-caller-file: 2.0.5
      string-width: 7.2.0
      y18n: 5.0.8
      yargs-parser: 22.0.0

  yocto-queue@1.2.2: {}
